<!--
# 📄 Dosya Yolu: /TurkuazInstaller.slnx
# 📌 Amac: TurkuazInstaller kaynak ve test projelerini tek solution altinda toplar
# 📌 Modul - XML
# Version: 0.4.0
# Aciklama: Domain, Contracts, Application, Infrastructure ve test katmanlarini roadmap sirasina gore gruplar

Bagimli Oldugu Katman: Tool
-->
<Solution>
  <Folder Name="/src/">
    <Project Path="src/TurkuazInstaller.Domain/TurkuazInstaller.Domain.csproj" />
    <Project Path="src/TurkuazInstaller.Contracts/TurkuazInstaller.Contracts.csproj" />
    <Project Path="src/TurkuazInstaller.Application/TurkuazInstaller.Application.csproj" />
    <Project Path="src/TurkuazInstaller.Infrastructure/TurkuazInstaller.Infrastructure.csproj" />
  </Folder>
  <Folder Name="/tests/">
    <Project Path="tests/TurkuazInstaller.Domain.Tests/TurkuazInstaller.Domain.Tests.csproj" />
    <Project Path="tests/TurkuazInstaller.Application.Tests/TurkuazInstaller.Application.Tests.csproj" />
    <Project Path="tests/TurkuazInstaller.Infrastructure.Tests/TurkuazInstaller.Infrastructure.Tests.csproj" />
  </Folder>
</Solution>
