<!--
# 📄 Dosya Yolu: /TurkuazInstaller.Windows.slnx
# 📌 Amac: Windows bootstrap, platform ve WinUI 3 projelerini Core katmanlariyla birlikte Windows CI icin toplar
# 📌 Modul - XML
# Version: 0.7.0
# Aciklama: NativeAOT bootstrap ve self-contained WinUI desktop build/publish akisini tek Windows solutionda dogrular

Bagimli Oldugu Katman: Tool
-->
<Solution>
  <Folder Name="/core/">
    <Project Path="src/TurkuazInstaller.Domain/TurkuazInstaller.Domain.csproj" />
    <Project Path="src/TurkuazInstaller.Contracts/TurkuazInstaller.Contracts.csproj" />
    <Project Path="src/TurkuazInstaller.Application/TurkuazInstaller.Application.csproj" />
    <Project Path="src/TurkuazInstaller.Infrastructure/TurkuazInstaller.Infrastructure.csproj" />
    <Project Path="src/TurkuazInstaller.Presentation/TurkuazInstaller.Presentation.csproj" />
  </Folder>
  <Folder Name="/windows/">
    <Project Path="src/TurkuazInstaller.Platform.Windows/TurkuazInstaller.Platform.Windows.csproj" />
    <Project Path="src/TurkuazInstaller.Bootstrapper/TurkuazInstaller.Bootstrapper.csproj" />
    <Project Path="src/TurkuazInstaller.WinUI/TurkuazInstaller.WinUI.csproj" />
  </Folder>
</Solution>
