<!--
# 📄 Dosya Yolu: /TurkuazInstaller.slnx
# 📌 Amac: TurkuazInstaller Core ve framework bagimsiz Presentation kaynak/test projelerini tek solution altinda toplar
# 📌 Modul - XML
# Version: 0.7.0
# Aciklama: Linux Core CI kapsaminda Domain, Contracts, Application, Infrastructure, Presentation ve unit testleri derler

Bagimli Oldugu Katman: Tool
-->
<Solution>
  <Folder Name="/src/">
    <Project Path="src/TurkuazInstaller.Domain/TurkuazInstaller.Domain.csproj" />
    <Project Path="src/TurkuazInstaller.Contracts/TurkuazInstaller.Contracts.csproj" />
    <Project Path="src/TurkuazInstaller.Application/TurkuazInstaller.Application.csproj" />
    <Project Path="src/TurkuazInstaller.Infrastructure/TurkuazInstaller.Infrastructure.csproj" />
    <Project Path="src/TurkuazInstaller.Presentation/TurkuazInstaller.Presentation.csproj" />
  </Folder>
  <Folder Name="/tests/">
    <Project Path="tests/TurkuazInstaller.Domain.Tests/TurkuazInstaller.Domain.Tests.csproj" />
    <Project Path="tests/TurkuazInstaller.Application.Tests/TurkuazInstaller.Application.Tests.csproj" />
    <Project Path="tests/TurkuazInstaller.Infrastructure.Tests/TurkuazInstaller.Infrastructure.Tests.csproj" />
    <Project Path="tests/TurkuazInstaller.Presentation.Tests/TurkuazInstaller.Presentation.Tests.csproj" />
  </Folder>
</Solution>
