<!--
# 📄 Dosya Yolu: /TurkuazInstaller.Windows.slnx
# 📌 Amac: Windows bootstrap, platform, WinUI ve bootstrap orchestration test projelerini Windows CI icin toplar
# 📌 Modul - XML
# Version: 1.1.0
# Aciklama: NativeAOT bootstrap, self-contained WinUI, bootstrap ve Windows prerequisite adapter testlerini tek solutionda dogrular

Bagimli Oldugu Katman: Tool
-->
<Solution>
  <Folder Name="/core/">
    <Project Path="src/TurkuazInstaller.Domain/TurkuazInstaller.Domain.csproj" />
    <Project Path="src/TurkuazInstaller.Contracts/TurkuazInstaller.Contracts.csproj" />
    <Project Path="src/TurkuazInstaller.Application/TurkuazInstaller.Application.csproj" />
    <Project Path="src/TurkuazInstaller.Infrastructure/TurkuazInstaller.Infrastructure.csproj" />
    <Project Path="src/TurkuazInstaller.Presentation/TurkuazInstaller.Presentation.csproj" />
  </Folder>
  <Folder Name="/windows/">
    <Project Path="src/TurkuazInstaller.Platform.Windows/TurkuazInstaller.Platform.Windows.csproj" />
    <Project Path="src/TurkuazInstaller.Bootstrapper/TurkuazInstaller.Bootstrapper.csproj" />
    <Project Path="src/TurkuazInstaller.WinUI/TurkuazInstaller.WinUI.csproj" />
  </Folder>
  <Folder Name="/tests/">
    <Project Path="tests/TurkuazInstaller.Bootstrapper.Tests/TurkuazInstaller.Bootstrapper.Tests.csproj" />
    <Project Path="tests/TurkuazInstaller.Platform.Windows.Tests/TurkuazInstaller.Platform.Windows.Tests.csproj" />
  </Folder>
</Solution>
